
Microsoft Visual Studio Solution File, Format Version 12.00
# Visual Studio Version 16
VisualStudioVersion = 16.0.29201.188
MinimumVisualStudioVersion = 10.0.40219.1
Project("{FAE04EC0-301F-11D3-BF4B-00C04F79EFBC}") = "MyPartyCore", "MyPartyCore\MyPartyCore.csproj", "{C00A4CA7-6506-49FF-8EFA-79F73117AB8B}"
EndProject
Global
	GlobalSection(SolutionConfigurationPlatforms) = preSolution
		Debug|Any CPU = Debug|Any CPU
		Release|Any CPU = Release|Any CPU
	EndGlobalSection
	GlobalSection(ProjectConfigurationPlatforms) = postSolution
		{C00A4CA7-6506-49FF-8EFA-79F73117AB8B}.Debug|Any CPU.ActiveCfg = Debug|Any CPU
		{C00A4CA7-6506-49FF-8EFA-79F73117AB8B}.Debug|Any CPU.Build.0 = Debug|Any CPU
		{C00A4CA7-6506-49FF-8EFA-79F73117AB8B}.Release|Any CPU.ActiveCfg = Release|Any CPU
		{C00A4CA7-6506-49FF-8EFA-79F73117AB8B}.Release|Any CPU.Build.0 = Release|Any CPU
	EndGlobalSection
	GlobalSection(SolutionProperties) = preSolution
		HideSolutionNode = FALSE
	EndGlobalSection
	GlobalSection(ExtensibilityGlobals) = postSolution
		SolutionGuid = {84234EB8-AD40-46C9-8457-FC25A0D3F498}
	EndGlobalSection
EndGlobal
